
Microsoft Visual Studio Solution File, Format Version 12.00
# Visual Studio Version 17
VisualStudioVersion = 17.1.32407.343
MinimumVisualStudioVersion = 10.0.40219.1
Project("{FAE04EC0-301F-11D3-BF4B-00C04F79EFBC}") = "AutoGaraz", "AutoGaraz\AutoGaraz.csproj", "{2B61CD40-EE99-4E54-A335-8A9BD2294293}"
EndProject
Global
	GlobalSection(SolutionConfigurationPlatforms) = preSolution
		Debug|Any CPU = Debug|Any CPU
		Release|Any CPU = Release|Any CPU
	EndGlobalSection
	GlobalSection(ProjectConfigurationPlatforms) = postSolution
		{2B61CD40-EE99-4E54-A335-8A9BD2294293}.Debug|Any CPU.ActiveCfg = Debug|Any CPU
		{2B61CD40-EE99-4E54-A335-8A9BD2294293}.Debug|Any CPU.Build.0 = Debug|Any CPU
		{2B61CD40-EE99-4E54-A335-8A9BD2294293}.Release|Any CPU.ActiveCfg = Release|Any CPU
		{2B61CD40-EE99-4E54-A335-8A9BD2294293}.Release|Any CPU.Build.0 = Release|Any CPU
	EndGlobalSection
	GlobalSection(SolutionProperties) = preSolution
		HideSolutionNode = FALSE
	EndGlobalSection
	GlobalSection(ExtensibilityGlobals) = postSolution
		SolutionGuid = {5991791A-2160-4FC2-8C44-07B43F351F90}
	EndGlobalSection
EndGlobal
